
Microsoft Visual Studio Solution File, Format Version 12.00
# Visual Studio Version 16
VisualStudioVersion = 16.0.32413.511
MinimumVisualStudioVersion = 10.0.40219.1
Project("{FAE04EC0-301F-11D3-BF4B-00C04F79EFBC}") = "Interleaving Strings", "Interleaving Strings.csproj", "{ED2F5BD4-E557-4486-8BC9-C603676F94A5}"
EndProject
Project("{FAE04EC0-301F-11D3-BF4B-00C04F79EFBC}") = "Interleaving Strings Test", "..\Interleaving Strings Test\Interleaving Strings Test.csproj", "{53FFA08F-15B9-4D82-9A4C-45A60600FB31}"
EndProject
Global
	GlobalSection(SolutionConfigurationPlatforms) = preSolution
		Debug|Any CPU = Debug|Any CPU
		Release|Any CPU = Release|Any CPU
	EndGlobalSection
	GlobalSection(ProjectConfigurationPlatforms) = postSolution
		{ED2F5BD4-E557-4486-8BC9-C603676F94A5}.Debug|Any CPU.ActiveCfg = Debug|Any CPU
		{ED2F5BD4-E557-4486-8BC9-C603676F94A5}.Debug|Any CPU.Build.0 = Debug|Any CPU
		{ED2F5BD4-E557-4486-8BC9-C603676F94A5}.Release|Any CPU.ActiveCfg = Release|Any CPU
		{ED2F5BD4-E557-4486-8BC9-C603676F94A5}.Release|Any CPU.Build.0 = Release|Any CPU
		{53FFA08F-15B9-4D82-9A4C-45A60600FB31}.Debug|Any CPU.ActiveCfg = Debug|Any CPU
		{53FFA08F-15B9-4D82-9A4C-45A60600FB31}.Debug|Any CPU.Build.0 = Debug|Any CPU
		{53FFA08F-15B9-4D82-9A4C-45A60600FB31}.Release|Any CPU.ActiveCfg = Release|Any CPU
		{53FFA08F-15B9-4D82-9A4C-45A60600FB31}.Release|Any CPU.Build.0 = Release|Any CPU
	EndGlobalSection
	GlobalSection(SolutionProperties) = preSolution
		HideSolutionNode = FALSE
	EndGlobalSection
	GlobalSection(ExtensibilityGlobals) = postSolution
		SolutionGuid = {5DFE7911-F43D-4C04-AE42-9D37430D9125}
	EndGlobalSection
EndGlobal
